
Microsoft Visual Studio Solution File, Format Version 12.00
# Visual Studio Version 16
VisualStudioVersion = 16.0.30204.135
MinimumVisualStudioVersion = 10.0.40219.1
Project("{FAE04EC0-301F-11D3-BF4B-00C04F79EFBC}") = "Blockchain_MocChauMilk", "Blockchain_MocChauMilk.csproj", "{45E67B3D-8950-44B0-B5AF-B9052266FB60}"
EndProject
Global
	GlobalSection(SolutionConfigurationPlatforms) = preSolution
		Debug|Any CPU = Debug|Any CPU
		Release|Any CPU = Release|Any CPU
	EndGlobalSection
	GlobalSection(ProjectConfigurationPlatforms) = postSolution
		{45E67B3D-8950-44B0-B5AF-B9052266FB60}.Debug|Any CPU.ActiveCfg = Debug|Any CPU
		{45E67B3D-8950-44B0-B5AF-B9052266FB60}.Debug|Any CPU.Build.0 = Debug|Any CPU
		{45E67B3D-8950-44B0-B5AF-B9052266FB60}.Release|Any CPU.ActiveCfg = Release|Any CPU
		{45E67B3D-8950-44B0-B5AF-B9052266FB60}.Release|Any CPU.Build.0 = Release|Any CPU
	EndGlobalSection
	GlobalSection(SolutionProperties) = preSolution
		HideSolutionNode = FALSE
	EndGlobalSection
	GlobalSection(ExtensibilityGlobals) = postSolution
		SolutionGuid = {1C67DAB9-E451-4266-B658-0810174E050A}
	EndGlobalSection
EndGlobal
